# THIS IS AN AUTOGENERATED FILE. DO NOT EDIT THIS FILE DIRECTLY.
# yarn lockfile v1


"@prisma/client@^2.19.0":
  version "2.19.0"
  resolved "https://registry.yarnpkg.com/@prisma/client/-/client-2.19.0.tgz#a45f17a59fd109e95b61bf4b56d4a7642169ec0e"
  integrity sha512-QK4M8TjJh1QesyO9aLM7DeAQUi5+UnNHpEAm5kwqBO1cq/4Ag5yU9ladctJFJleEE5BLewXHwV2t9A+VfCZslg==
  dependencies:
    "@prisma/engines-version" "2.19.0-39.c1455d0b443d66b0d9db9bcb1bb9ee0d5bbc511d"

"@prisma/engines-version@2.19.0-39.c1455d0b443d66b0d9db9bcb1bb9ee0d5bbc511d":
  version "2.19.0-39.c1455d0b443d66b0d9db9bcb1bb9ee0d5bbc511d"
  resolved "https://registry.yarnpkg.com/@prisma/engines-version/-/engines-version-2.19.0-39.c1455d0b443d66b0d9db9bcb1bb9ee0d5bbc511d.tgz#a7f80d481ec6cb8e2975ab530664d4ca5fc9eba6"
  integrity sha512-NzhbwC4iMbRQwJxdhNQX6eaVcOuNGtHRk6aesWE4KMf/YmlW5kfi3HDy7WZ/C4P0Iyn9oURDuk+xZV6QDUVjTw==

"@prisma/engines@2.19.0-39.c1455d0b443d66b0d9db9bcb1bb9ee0d5bbc511d":
  version "2.19.0-39.c1455d0b443d66b0d9db9bcb1bb9ee0d5bbc511d"
  resolved "https://registry.yarnpkg.com/@prisma/engines/-/engines-2.19.0-39.c1455d0b443d66b0d9db9bcb1bb9ee0d5bbc511d.tgz#db2809a6f7f18584e3ca89b1f5bad884155629ec"
  integrity sha512-rEWpaG7wZvPuWJC5SwkBB/Iwue//oC5yv58Mse7r+ibtgkA7vGdWc1bFDQ32DT9tDL5WSC6bBwqEASGV/1Gm1Q==

"@types/node@^14.14.35":
  version "14.14.35"
  resolved "https://registry.yarnpkg.com/@types/node/-/node-14.14.35.tgz#42c953a4e2b18ab931f72477e7012172f4ffa313"
  integrity sha512-Lt+wj8NVPx0zUmUwumiVXapmaLUcAk3yPuHCFVXras9k5VT9TdhJqKqGVUQCD60OTMCl0qxJ57OiTL0Mic3Iag==

prisma@^2.19.0:
  version "2.19.0"
  resolved "https://registry.yarnpkg.com/prisma/-/prisma-2.19.0.tgz#2c14f9cbbfb0ab69c8a9473e16736759713d29ad"
  integrity sha512-iartCNVrtR4XT20ABN3zrSi3R/pCBe75Y0ZH8681QIGm8qjRQzf3DnbscPZgZ9iY4KFuVxL8ZrBQVDmRhpN0EQ==
  dependencies:
    "@prisma/engines" "2.19.0-39.c1455d0b443d66b0d9db9bcb1bb9ee0d5bbc511d"

typescript@^4.2.3:
  version "4.2.3"
  resolved "https://registry.yarnpkg.com/typescript/-/typescript-4.2.3.tgz#39062d8019912d43726298f09493d598048c1ce3"
  integrity sha512-qOcYwxaByStAWrBf4x0fibwZvMRG+r4cQoTjbPtUlrWjBHbmCAww1i448U0GJ+3cNNEtebDteo/cHOR3xJ4wEw==
